{
  "version": 4,
  "terraform_version": "1.0.6",
  "serial": 39,
  "lineage": "808ad2dc-c51c-8010-2d54-9b7968175949",
  "outputs": {
    "bootstrap_brokers_tls": {
      "value": "b-1.hp-cluster.k8w5fw.c16.kafka.us-east-1.amazonaws.com:9094,b-2.hp-cluster.k8w5fw.c16.kafka.us-east-1.amazonaws.com:9094,b-3.hp-cluster.k8w5fw.c16.kafka.us-east-1.amazonaws.com:9094",
      "type": "string"
    },
    "default_security_group": {
      "value": "sg-044852034fbf37fc0",
      "type": "string"
    },
    "zookeeper_connect_string": {
      "value": "z-1.hp-cluster.k8w5fw.c16.kafka.us-east-1.amazonaws.com:2181,z-2.hp-cluster.k8w5fw.c16.kafka.us-east-1.amazonaws.com:2181,z-3.hp-cluster.k8w5fw.c16.kafka.us-east-1.amazonaws.com:2181",
      "type": "string"
    }
  },
  "resources": [
    {
      "mode": "data",
      "type": "aws_availability_zones",
      "name": "available",
      "provider": "provider[\"registry.terraform.io/hashicorp/aws\"]",
      "instances": [
        {
          "schema_version": 0,
          "attributes": {
            "all_availability_zones": null,
            "exclude_names": null,
            "exclude_zone_ids": null,
            "filter": null,
            "group_names": [
              "us-east-1"
            ],
            "id": "us-east-1",
            "names": [
              "us-east-1a",
              "us-east-1b",
              "us-east-1c",
              "us-east-1d",
              "us-east-1e",
              "us-east-1f"
            ],
            "state": null,
            "zone_ids": [
              "use1-az4",
              "use1-az6",
              "use1-az1",
              "use1-az2",
              "use1-az3",
              "use1-az5"
            ]
          },
          "sensitive_attributes": []
        }
      ]
    },
    {
      "mode": "data",
      "type": "aws_subnet_ids",
      "name": "all",
      "provider": "provider[\"registry.terraform.io/hashicorp/aws\"]",
      "instances": [
        {
          "schema_version": 0,
          "attributes": {
            "filter": null,
            "id": "vpc-f723508d",
            "ids": [
              "subnet-1d4e697a",
              "subnet-1dc83f50",
              "subnet-20e3c37c",
              "subnet-3b87ec05",
              "subnet-9be7c5b5",
              "subnet-c0362fcf"
            ],
            "tags": null,
            "vpc_id": "vpc-f723508d"
          },
          "sensitive_attributes": []
        }
      ]
    },
    {
      "mode": "data",
      "type": "aws_subnet_ids",
      "name": "private",
      "provider": "provider[\"registry.terraform.io/hashicorp/aws\"]",
      "instances": [
        {
          "schema_version": 0,
          "attributes": {
            "filter": null,
            "id": "vpc-f723508d",
            "ids": [
              "subnet-1dc83f50",
              "subnet-20e3c37c",
              "subnet-9be7c5b5"
            ],
            "tags": {
              "Name": "OCS-Test"
            },
            "vpc_id": "vpc-f723508d"
          },
          "sensitive_attributes": []
        }
      ]
    },
    {
      "mode": "data",
      "type": "aws_vpc",
      "name": "selected",
      "provider": "provider[\"registry.terraform.io/hashicorp/aws\"]",
      "instances": [
        {
          "schema_version": 0,
          "attributes": {
            "arn": "arn:aws:ec2:us-east-1:193828881071:vpc/vpc-f723508d",
            "cidr_block": "172.31.0.0/16",
            "cidr_block_associations": [
              {
                "association_id": "vpc-cidr-assoc-73125e1f",
                "cidr_block": "172.31.0.0/16",
                "state": "associated"
              }
            ],
            "default": true,
            "dhcp_options_id": "dopt-27b7aa5c",
            "enable_dns_hostnames": true,
            "enable_dns_support": true,
            "filter": null,
            "id": "vpc-f723508d",
            "instance_tenancy": "default",
            "ipv6_association_id": null,
            "ipv6_cidr_block": null,
            "main_route_table_id": "rtb-6ab84614",
            "owner_id": "193828881071",
            "state": "available",
            "tags": {}
          },
          "sensitive_attributes": []
        }
      ]
    },
    {
      "mode": "managed",
      "type": "aws_cloudwatch_log_group",
      "name": "msk_log_group",
      "provider": "provider[\"registry.terraform.io/hashicorp/aws\"]",
      "instances": [
        {
          "schema_version": 0,
          "attributes": {
            "arn": "arn:aws:logs:us-east-1:193828881071:log-group:hp-cluster-loggroups",
            "id": "hp-cluster-loggroups",
            "kms_key_id": "",
            "name": "hp-cluster-loggroups",
            "name_prefix": null,
            "retention_in_days": 0,
            "tags": {
              "Cost Center": "1495",
              "Environment": "OCS",
              "Owner": "Humberto Pombo"
            },
            "tags_all": {
              "Cost Center": "1495",
              "Environment": "OCS",
              "Owner": "Humberto Pombo"
            }
          },
          "sensitive_attributes": [],
          "private": "bnVsbA=="
        }
      ]
    },
    {
      "mode": "managed",
      "type": "aws_s3_bucket",
      "name": "msk_bucket",
      "provider": "provider[\"registry.terraform.io/hashicorp/aws\"]",
      "instances": [
        {
          "schema_version": 0,
          "attributes": {
            "acceleration_status": "",
            "acl": "private",
            "arn": "arn:aws:s3:::hp-cluster-logs-bucket",
            "bucket": "hp-cluster-logs-bucket",
            "bucket_domain_name": "hp-cluster-logs-bucket.s3.amazonaws.com",
            "bucket_prefix": null,
            "bucket_regional_domain_name": "hp-cluster-logs-bucket.s3.amazonaws.com",
            "cors_rule": [],
            "force_destroy": true,
            "grant": [],
            "hosted_zone_id": "Z3AQBSTGFYJSTF",
            "id": "hp-cluster-logs-bucket",
            "lifecycle_rule": [],
            "logging": [],
            "object_lock_configuration": [],
            "policy": null,
            "region": "us-east-1",
            "replication_configuration": [],
            "request_payer": "BucketOwner",
            "server_side_encryption_configuration": [],
            "tags": {
              "Cost Center": "1495",
              "Environment": "OCS",
              "Owner": "Humberto Pombo"
            },
            "tags_all": {
              "Cost Center": "1495",
              "Environment": "OCS",
              "Owner": "Humberto Pombo"
            },
            "versioning": [
              {
                "enabled": false,
                "mfa_delete": false
              }
            ],
            "website": [],
            "website_domain": null,
            "website_endpoint": null
          },
          "sensitive_attributes": [],
          "private": "bnVsbA=="
        }
      ]
    },
    {
      "module": "module.msk_cluster",
      "mode": "managed",
      "type": "aws_msk_cluster",
      "name": "this",
      "provider": "provider[\"registry.terraform.io/hashicorp/aws\"]",
      "instances": [
        {
          "schema_version": 0,
          "attributes": {
            "arn": "arn:aws:kafka:us-east-1:193828881071:cluster/hp-cluster/1d73f1e8-ece3-4b6b-b8e2-b9a0b806341b-16",
            "bootstrap_brokers": "",
            "bootstrap_brokers_sasl_iam": "",
            "bootstrap_brokers_sasl_scram": "",
            "bootstrap_brokers_tls": "b-1.hp-cluster.k8w5fw.c16.kafka.us-east-1.amazonaws.com:9094,b-2.hp-cluster.k8w5fw.c16.kafka.us-east-1.amazonaws.com:9094,b-3.hp-cluster.k8w5fw.c16.kafka.us-east-1.amazonaws.com:9094",
            "broker_node_group_info": [
              {
                "az_distribution": "DEFAULT",
                "client_subnets": [
                  "subnet-1dc83f50",
                  "subnet-20e3c37c",
                  "subnet-9be7c5b5"
                ],
                "ebs_volume_size": 10,
                "instance_type": "kafka.t3.small",
                "security_groups": [
                  "sg-044852034fbf37fc0"
                ]
              }
            ],
            "client_authentication": [],
            "cluster_name": "hp-cluster",
            "configuration_info": [
              {
                "arn": "arn:aws:kafka:us-east-1:193828881071:configuration/hp-cluster-config/abc59dc1-ebcd-4cfb-ac2c-5ee2f092949c-16",
                "revision": 1
              }
            ],
            "current_version": "K3P5ROKL5A1OLE",
            "encryption_info": [
              {
                "encryption_at_rest_kms_key_arn": "arn:aws:kms:us-east-1:193828881071:key/6accc048-f6a0-4004-ab9c-30ed71e1b8c1",
                "encryption_in_transit": [
                  {
                    "client_broker": "TLS",
                    "in_cluster": true
                  }
                ]
              }
            ],
            "enhanced_monitoring": "PER_BROKER",
            "id": "arn:aws:kafka:us-east-1:193828881071:cluster/hp-cluster/1d73f1e8-ece3-4b6b-b8e2-b9a0b806341b-16",
            "kafka_version": "2.8.0",
            "logging_info": [
              {
                "broker_logs": [
                  {
                    "cloudwatch_logs": [
                      {
                        "enabled": true,
                        "log_group": "hp-cluster-loggroups"
                      }
                    ],
                    "firehose": [],
                    "s3": [
                      {
                        "bucket": "hp-cluster-logs-bucket",
                        "enabled": true,
                        "prefix": "hp-cluster-msk"
                      }
                    ]
                  }
                ]
              }
            ],
            "number_of_broker_nodes": 3,
            "open_monitoring": [
              {
                "prometheus": [
                  {
                    "jmx_exporter": [
                      {
                        "enabled_in_broker": false
                      }
                    ],
                    "node_exporter": [
                      {
                        "enabled_in_broker": false
                      }
                    ]
                  }
                ]
              }
            ],
            "tags": {
              "Cost Center": "1495",
              "Environment": "OCS",
              "Owner": "Humberto Pombo"
            },
            "tags_all": {
              "Cost Center": "1495",
              "Environment": "OCS",
              "Owner": "Humberto Pombo"
            },
            "timeouts": null,
            "zookeeper_connect_string": "z-1.hp-cluster.k8w5fw.c16.kafka.us-east-1.amazonaws.com:2181,z-2.hp-cluster.k8w5fw.c16.kafka.us-east-1.amazonaws.com:2181,z-3.hp-cluster.k8w5fw.c16.kafka.us-east-1.amazonaws.com:2181"
          },
          "sensitive_attributes": [],
          "private": "eyJlMmJmYjczMC1lY2FhLTExZTYtOGY4OC0zNDM2M2JjN2M0YzAiOnsiY3JlYXRlIjo3MjAwMDAwMDAwMDAwLCJkZWxldGUiOjcyMDAwMDAwMDAwMDAsInVwZGF0ZSI6NzIwMDAwMDAwMDAwMH19",
          "dependencies": [
            "aws_cloudwatch_log_group.msk_log_group",
            "aws_s3_bucket.msk_bucket",
            "data.aws_subnet_ids.private",
            "module.msk_cluster.aws_msk_configuration.this",
            "module.msk_cluster.aws_security_group.this"
          ]
        }
      ]
    },
    {
      "module": "module.msk_cluster",
      "mode": "managed",
      "type": "aws_msk_configuration",
      "name": "this",
      "provider": "provider[\"registry.terraform.io/hashicorp/aws\"]",
      "instances": [
        {
          "schema_version": 0,
          "attributes": {
            "arn": "arn:aws:kafka:us-east-1:193828881071:configuration/hp-cluster-config/abc59dc1-ebcd-4cfb-ac2c-5ee2f092949c-16",
            "description": "",
            "id": "arn:aws:kafka:us-east-1:193828881071:configuration/hp-cluster-config/abc59dc1-ebcd-4cfb-ac2c-5ee2f092949c-16",
            "kafka_versions": [
              "2.8.0"
            ],
            "latest_revision": 1,
            "name": "hp-cluster-config",
            "server_properties": "auto.create.topics.enable = true\ndefault.replication.factor = 1\nlog.retention.hours = 24\nnum.partitions = 1"
          },
          "sensitive_attributes": [],
          "private": "bnVsbA==",
          "create_before_destroy": true
        }
      ]
    },
    {
      "module": "module.msk_cluster",
      "mode": "managed",
      "type": "aws_security_group",
      "name": "this",
      "provider": "provider[\"registry.terraform.io/hashicorp/aws\"]",
      "instances": [
        {
          "schema_version": 1,
          "attributes": {
            "arn": "arn:aws:ec2:us-east-1:193828881071:security-group/sg-044852034fbf37fc0",
            "description": "Managed by Terraform",
            "egress": [],
            "id": "sg-044852034fbf37fc0",
            "ingress": [
              {
                "cidr_blocks": [],
                "description": "",
                "from_port": 2181,
                "ipv6_cidr_blocks": [],
                "prefix_list_ids": [],
                "protocol": "tcp",
                "security_groups": [],
                "self": true,
                "to_port": 2181
              },
              {
                "cidr_blocks": [],
                "description": "",
                "from_port": 9092,
                "ipv6_cidr_blocks": [],
                "prefix_list_ids": [],
                "protocol": "tcp",
                "security_groups": [],
                "self": true,
                "to_port": 9092
              },
              {
                "cidr_blocks": [],
                "description": "",
                "from_port": 9094,
                "ipv6_cidr_blocks": [],
                "prefix_list_ids": [],
                "protocol": "tcp",
                "security_groups": [],
                "self": true,
                "to_port": 9094
              }
            ],
            "name": "hp-cluster-20210915161603422700000001",
            "name_prefix": "hp-cluster-",
            "owner_id": "193828881071",
            "revoke_rules_on_delete": false,
            "tags": {
              "Cost Center": "1495",
              "Environment": "OCS",
              "Name": "hp-cluster-sg",
              "Owner": "Humberto Pombo"
            },
            "tags_all": {
              "Cost Center": "1495",
              "Environment": "OCS",
              "Name": "hp-cluster-sg",
              "Owner": "Humberto Pombo"
            },
            "timeouts": null,
            "vpc_id": "vpc-f723508d"
          },
          "sensitive_attributes": [],
          "private": "eyJlMmJmYjczMC1lY2FhLTExZTYtOGY4OC0zNDM2M2JjN2M0YzAiOnsiY3JlYXRlIjo2MDAwMDAwMDAwMDAsImRlbGV0ZSI6OTAwMDAwMDAwMDAwfSwic2NoZW1hX3ZlcnNpb24iOiIxIn0=",
          "dependencies": [
            "data.aws_vpc.selected"
          ]
        }
      ]
    },
    {
      "module": "module.msk_cluster",
      "mode": "managed",
      "type": "aws_security_group_rule",
      "name": "msk-plain",
      "provider": "provider[\"registry.terraform.io/hashicorp/aws\"]",
      "instances": [
        {
          "schema_version": 2,
          "attributes": {
            "cidr_blocks": [],
            "description": "",
            "from_port": 9092,
            "id": "sgrule-1236296915",
            "ipv6_cidr_blocks": [],
            "prefix_list_ids": [],
            "protocol": "tcp",
            "security_group_id": "sg-044852034fbf37fc0",
            "self": true,
            "source_security_group_id": "sg-044852034fbf37fc0",
            "to_port": 9092,
            "type": "ingress"
          },
          "sensitive_attributes": [],
          "private": "eyJzY2hlbWFfdmVyc2lvbiI6IjIifQ==",
          "dependencies": [
            "data.aws_vpc.selected",
            "module.msk_cluster.aws_security_group.this"
          ]
        }
      ]
    },
    {
      "module": "module.msk_cluster",
      "mode": "managed",
      "type": "aws_security_group_rule",
      "name": "msk-tls",
      "provider": "provider[\"registry.terraform.io/hashicorp/aws\"]",
      "instances": [
        {
          "schema_version": 2,
          "attributes": {
            "cidr_blocks": [],
            "description": "",
            "from_port": 9094,
            "id": "sgrule-2643655210",
            "ipv6_cidr_blocks": [],
            "prefix_list_ids": [],
            "protocol": "tcp",
            "security_group_id": "sg-044852034fbf37fc0",
            "self": true,
            "source_security_group_id": "sg-044852034fbf37fc0",
            "to_port": 9094,
            "type": "ingress"
          },
          "sensitive_attributes": [],
          "private": "eyJzY2hlbWFfdmVyc2lvbiI6IjIifQ==",
          "dependencies": [
            "data.aws_vpc.selected",
            "module.msk_cluster.aws_security_group.this"
          ]
        }
      ]
    },
    {
      "module": "module.msk_cluster",
      "mode": "managed",
      "type": "aws_security_group_rule",
      "name": "zookeeper",
      "provider": "provider[\"registry.terraform.io/hashicorp/aws\"]",
      "instances": [
        {
          "schema_version": 2,
          "attributes": {
            "cidr_blocks": [],
            "description": "",
            "from_port": 2181,
            "id": "sgrule-457438944",
            "ipv6_cidr_blocks": [],
            "prefix_list_ids": [],
            "protocol": "tcp",
            "security_group_id": "sg-044852034fbf37fc0",
            "self": true,
            "source_security_group_id": "sg-044852034fbf37fc0",
            "to_port": 2181,
            "type": "ingress"
          },
          "sensitive_attributes": [],
          "private": "eyJzY2hlbWFfdmVyc2lvbiI6IjIifQ==",
          "dependencies": [
            "data.aws_vpc.selected",
            "module.msk_cluster.aws_security_group.this"
          ]
        }
      ]
    },
    {
      "module": "module.msk_cluster",
      "mode": "managed",
      "type": "random_id",
      "name": "configuration",
      "provider": "provider[\"registry.terraform.io/hashicorp/random\"]",
      "instances": [
        {
          "schema_version": 0,
          "attributes": {
            "b64_std": "hp-cluster-vEp8+hh5Lp0=",
            "b64_url": "hp-cluster-vEp8-hh5Lp0",
            "byte_length": 8,
            "dec": "hp-cluster-13567794241001303709",
            "hex": "hp-cluster-bc4a7cfa18792e9d",
            "id": "vEp8-hh5Lp0",
            "keepers": {
              "server_properties": "auto.create.topics.enable = true\ndefault.replication.factor = 1\nlog.retention.hours = 24\nnum.partitions = 1"
            },
            "prefix": "hp-cluster-"
          },
          "sensitive_attributes": [],
          "private": "bnVsbA=="
        }
      ]
    }
  ]
}
